
Microsoft Visual Studio Solution File, Format Version 12.00
# Visual Studio Version 17
VisualStudioVersion = 17.14.36811.4 d17.14
MinimumVisualStudioVersion = 10.0.40219.1
Project("{FAE04EC0-301F-11D3-BF4B-00C04F79EFBC}") = "LaeeqFramwork", "LaeeqFramwork.csproj", "{19052151-5326-4863-8455-FF6AEB63C623}"
EndProject
Global
	GlobalSection(SolutionConfigurationPlatforms) = preSolution
		Debug|Any CPU = Debug|Any CPU
		Release|Any CPU = Release|Any CPU
	EndGlobalSection
	GlobalSection(ProjectConfigurationPlatforms) = postSolution
		{19052151-5326-4863-8455-FF6AEB63C623}.Debug|Any CPU.ActiveCfg = Debug|Any CPU
		{19052151-5326-4863-8455-FF6AEB63C623}.Debug|Any CPU.Build.0 = Debug|Any CPU
		{19052151-5326-4863-8455-FF6AEB63C623}.Release|Any CPU.ActiveCfg = Release|Any CPU
		{19052151-5326-4863-8455-FF6AEB63C623}.Release|Any CPU.Build.0 = Release|Any CPU
	EndGlobalSection
	GlobalSection(SolutionProperties) = preSolution
		HideSolutionNode = FALSE
	EndGlobalSection
	GlobalSection(ExtensibilityGlobals) = postSolution
		SolutionGuid = {1F13044D-18D0-44BC-B0AC-112E12CAFB10}
	EndGlobalSection
EndGlobal
